
Microsoft Visual Studio Solution File, Format Version 12.00
# Visual Studio Version 16
VisualStudioVersion = 16.0.30406.217
MinimumVisualStudioVersion = 10.0.40219.1
Project("{FAE04EC0-301F-11D3-BF4B-00C04F79EFBC}") = "Factory", "Factory\Factory.csproj", "{46CBAFA4-8529-4687-A66C-CF985DD4152F}"
EndProject
Project("{FAE04EC0-301F-11D3-BF4B-00C04F79EFBC}") = "Singleton", "Singleton\Singleton.csproj", "{6BDA376C-ACDE-43E2-9F33-49DCF7D4F679}"
EndProject
Project("{9A19103F-16F7-4668-BE54-9A1E7A4F7556}") = "Builder", "Builder\Builder.csproj", "{5ED59575-D777-4125-8316-DC3AC1B8F1A5}"
EndProject
Project("{9A19103F-16F7-4668-BE54-9A1E7A4F7556}") = "Adapter", "Adapter\Adapter.csproj", "{60633899-2A5B-4374-972A-061E28AD0332}"
EndProject
Project("{9A19103F-16F7-4668-BE54-9A1E7A4F7556}") = "FactoryMethod", "FactoryMethod\FactoryMethod.csproj", "{3EC9B840-761D-4076-A630-81A7F93B0E82}"
EndProject
Project("{FAE04EC0-301F-11D3-BF4B-00C04F79EFBC}") = "Prototype", "Prototype\Prototype.csproj", "{8B29E204-6CC4-41BF-B7EC-59F531DD0E22}"
EndProject
Project("{FAE04EC0-301F-11D3-BF4B-00C04F79EFBC}") = "Composite", "Composite\Composite.csproj", "{74A9A1C5-3162-4B42-9559-6B95ED48FF98}"
EndProject
Project("{9A19103F-16F7-4668-BE54-9A1E7A4F7556}") = "Decorator", "Decorator\Decorator.csproj", "{F903820D-5BF5-4DA4-AF92-DE9C2F916A61}"
EndProject
Project("{9A19103F-16F7-4668-BE54-9A1E7A4F7556}") = "Bridge", "Bridge\Bridge.csproj", "{326F6EA4-40EB-4C29-9869-3F07ECFE2411}"
EndProject
Project("{9A19103F-16F7-4668-BE54-9A1E7A4F7556}") = "Strategy", "Strategy\Strategy.csproj", "{6896DDBA-BB81-419D-81A4-18185986C055}"
EndProject
Project("{9A19103F-16F7-4668-BE54-9A1E7A4F7556}") = "State", "State\State.csproj", "{7BCD5B93-0531-4DDE-9C24-5BA01922B001}"
EndProject
Project("{9A19103F-16F7-4668-BE54-9A1E7A4F7556}") = "BT_23.10.2020_Nhom04", "BT_23.10.2020_Nhom04\BT_23.10.2020_Nhom04.csproj", "{96E84C60-A76D-4120-91BD-9DB1DC7F9B44}"
EndProject
Project("{FAE04EC0-301F-11D3-BF4B-00C04F79EFBC}") = "TemplateMethod", "TemplateMethod\TemplateMethod.csproj", "{6698338F-5A3C-46DF-BEED-3281E3A5F82B}"
EndProject
Project("{FAE04EC0-301F-11D3-BF4B-00C04F79EFBC}") = "Visitor", "Visitor\Visitor.csproj", "{014C24CB-721B-403B-B281-1B246AF33925}"
EndProject
Project("{FAE04EC0-301F-11D3-BF4B-00C04F79EFBC}") = "Proxy", "Proxy\Proxy.csproj", "{C9CB6969-A72D-414D-8757-AD0B2971711D}"
EndProject
Global
	GlobalSection(SolutionConfigurationPlatforms) = preSolution
		Debug|Any CPU = Debug|Any CPU
		Release|Any CPU = Release|Any CPU
	EndGlobalSection
	GlobalSection(ProjectConfigurationPlatforms) = postSolution
		{46CBAFA4-8529-4687-A66C-CF985DD4152F}.Debug|Any CPU.ActiveCfg = Debug|Any CPU
		{46CBAFA4-8529-4687-A66C-CF985DD4152F}.Debug|Any CPU.Build.0 = Debug|Any CPU
		{46CBAFA4-8529-4687-A66C-CF985DD4152F}.Release|Any CPU.ActiveCfg = Release|Any CPU
		{46CBAFA4-8529-4687-A66C-CF985DD4152F}.Release|Any CPU.Build.0 = Release|Any CPU
		{6BDA376C-ACDE-43E2-9F33-49DCF7D4F679}.Debug|Any CPU.ActiveCfg = Debug|Any CPU
		{6BDA376C-ACDE-43E2-9F33-49DCF7D4F679}.Debug|Any CPU.Build.0 = Debug|Any CPU
		{6BDA376C-ACDE-43E2-9F33-49DCF7D4F679}.Release|Any CPU.ActiveCfg = Release|Any CPU
		{6BDA376C-ACDE-43E2-9F33-49DCF7D4F679}.Release|Any CPU.Build.0 = Release|Any CPU
		{5ED59575-D777-4125-8316-DC3AC1B8F1A5}.Debug|Any CPU.ActiveCfg = Debug|Any CPU
		{5ED59575-D777-4125-8316-DC3AC1B8F1A5}.Debug|Any CPU.Build.0 = Debug|Any CPU
		{5ED59575-D777-4125-8316-DC3AC1B8F1A5}.Release|Any CPU.ActiveCfg = Release|Any CPU
		{5ED59575-D777-4125-8316-DC3AC1B8F1A5}.Release|Any CPU.Build.0 = Release|Any CPU
		{60633899-2A5B-4374-972A-061E28AD0332}.Debug|Any CPU.ActiveCfg = Debug|Any CPU
		{60633899-2A5B-4374-972A-061E28AD0332}.Debug|Any CPU.Build.0 = Debug|Any CPU
		{60633899-2A5B-4374-972A-061E28AD0332}.Release|Any CPU.ActiveCfg = Release|Any CPU
		{60633899-2A5B-4374-972A-061E28AD0332}.Release|Any CPU.Build.0 = Release|Any CPU
		{3EC9B840-761D-4076-A630-81A7F93B0E82}.Debug|Any CPU.ActiveCfg = Debug|Any CPU
		{3EC9B840-761D-4076-A630-81A7F93B0E82}.Debug|Any CPU.Build.0 = Debug|Any CPU
		{3EC9B840-761D-4076-A630-81A7F93B0E82}.Release|Any CPU.ActiveCfg = Release|Any CPU
		{3EC9B840-761D-4076-A630-81A7F93B0E82}.Release|Any CPU.Build.0 = Release|Any CPU
		{8B29E204-6CC4-41BF-B7EC-59F531DD0E22}.Debug|Any CPU.ActiveCfg = Debug|Any CPU
		{8B29E204-6CC4-41BF-B7EC-59F531DD0E22}.Debug|Any CPU.Build.0 = Debug|Any CPU
		{8B29E204-6CC4-41BF-B7EC-59F531DD0E22}.Release|Any CPU.ActiveCfg = Release|Any CPU
		{8B29E204-6CC4-41BF-B7EC-59F531DD0E22}.Release|Any CPU.Build.0 = Release|Any CPU
		{74A9A1C5-3162-4B42-9559-6B95ED48FF98}.Debug|Any CPU.ActiveCfg = Debug|Any CPU
		{74A9A1C5-3162-4B42-9559-6B95ED48FF98}.Debug|Any CPU.Build.0 = Debug|Any CPU
		{74A9A1C5-3162-4B42-9559-6B95ED48FF98}.Release|Any CPU.ActiveCfg = Release|Any CPU
		{74A9A1C5-3162-4B42-9559-6B95ED48FF98}.Release|Any CPU.Build.0 = Release|Any CPU
		{F903820D-5BF5-4DA4-AF92-DE9C2F916A61}.Debug|Any CPU.ActiveCfg = Debug|Any CPU
		{F903820D-5BF5-4DA4-AF92-DE9C2F916A61}.Debug|Any CPU.Build.0 = Debug|Any CPU
		{F903820D-5BF5-4DA4-AF92-DE9C2F916A61}.Release|Any CPU.ActiveCfg = Release|Any CPU
		{F903820D-5BF5-4DA4-AF92-DE9C2F916A61}.Release|Any CPU.Build.0 = Release|Any CPU
		{326F6EA4-40EB-4C29-9869-3F07ECFE2411}.Debug|Any CPU.ActiveCfg = Debug|Any CPU
		{326F6EA4-40EB-4C29-9869-3F07ECFE2411}.Debug|Any CPU.Build.0 = Debug|Any CPU
		{326F6EA4-40EB-4C29-9869-3F07ECFE2411}.Release|Any CPU.ActiveCfg = Release|Any CPU
		{326F6EA4-40EB-4C29-9869-3F07ECFE2411}.Release|Any CPU.Build.0 = Release|Any CPU
		{6896DDBA-BB81-419D-81A4-18185986C055}.Debug|Any CPU.ActiveCfg = Debug|Any CPU
		{6896DDBA-BB81-419D-81A4-18185986C055}.Debug|Any CPU.Build.0 = Debug|Any CPU
		{6896DDBA-BB81-419D-81A4-18185986C055}.Release|Any CPU.ActiveCfg = Release|Any CPU
		{6896DDBA-BB81-419D-81A4-18185986C055}.Release|Any CPU.Build.0 = Release|Any CPU
		{7BCD5B93-0531-4DDE-9C24-5BA01922B001}.Debug|Any CPU.ActiveCfg = Debug|Any CPU
		{7BCD5B93-0531-4DDE-9C24-5BA01922B001}.Debug|Any CPU.Build.0 = Debug|Any CPU
		{7BCD5B93-0531-4DDE-9C24-5BA01922B001}.Release|Any CPU.ActiveCfg = Release|Any CPU
		{7BCD5B93-0531-4DDE-9C24-5BA01922B001}.Release|Any CPU.Build.0 = Release|Any CPU
		{96E84C60-A76D-4120-91BD-9DB1DC7F9B44}.Debug|Any CPU.ActiveCfg = Debug|Any CPU
		{96E84C60-A76D-4120-91BD-9DB1DC7F9B44}.Debug|Any CPU.Build.0 = Debug|Any CPU
		{96E84C60-A76D-4120-91BD-9DB1DC7F9B44}.Release|Any CPU.ActiveCfg = Release|Any CPU
		{96E84C60-A76D-4120-91BD-9DB1DC7F9B44}.Release|Any CPU.Build.0 = Release|Any CPU
		{6698338F-5A3C-46DF-BEED-3281E3A5F82B}.Debug|Any CPU.ActiveCfg = Debug|Any CPU
		{6698338F-5A3C-46DF-BEED-3281E3A5F82B}.Debug|Any CPU.Build.0 = Debug|Any CPU
		{6698338F-5A3C-46DF-BEED-3281E3A5F82B}.Release|Any CPU.ActiveCfg = Release|Any CPU
		{6698338F-5A3C-46DF-BEED-3281E3A5F82B}.Release|Any CPU.Build.0 = Release|Any CPU
		{014C24CB-721B-403B-B281-1B246AF33925}.Debug|Any CPU.ActiveCfg = Debug|Any CPU
		{014C24CB-721B-403B-B281-1B246AF33925}.Debug|Any CPU.Build.0 = Debug|Any CPU
		{014C24CB-721B-403B-B281-1B246AF33925}.Release|Any CPU.ActiveCfg = Release|Any CPU
		{014C24CB-721B-403B-B281-1B246AF33925}.Release|Any CPU.Build.0 = Release|Any CPU
		{C9CB6969-A72D-414D-8757-AD0B2971711D}.Debug|Any CPU.ActiveCfg = Debug|Any CPU
		{C9CB6969-A72D-414D-8757-AD0B2971711D}.Debug|Any CPU.Build.0 = Debug|Any CPU
		{C9CB6969-A72D-414D-8757-AD0B2971711D}.Release|Any CPU.ActiveCfg = Release|Any CPU
		{C9CB6969-A72D-414D-8757-AD0B2971711D}.Release|Any CPU.Build.0 = Release|Any CPU
	EndGlobalSection
	GlobalSection(SolutionProperties) = preSolution
		HideSolutionNode = FALSE
	EndGlobalSection
	GlobalSection(ExtensibilityGlobals) = postSolution
		SolutionGuid = {96ED9224-1BCF-4566-8CF6-D52B92C56ECF}
	EndGlobalSection
EndGlobal
